
Microsoft Visual Studio Solution File, Format Version 12.00
# Visual Studio Version 17
VisualStudioVersion = 17.7.34024.191
MinimumVisualStudioVersion = 10.0.40219.1
Project("{888888A0-9F3D-457C-B088-3A5042F75D52}") = "Infosystem", "Infosystem.pyproj", "{7FB77A3A-A075-49FF-A415-FCCDBFE5BD5C}"
EndProject
Global
	GlobalSection(SolutionConfigurationPlatforms) = preSolution
		Debug|Any CPU = Debug|Any CPU
		Release|Any CPU = Release|Any CPU
	EndGlobalSection
	GlobalSection(ProjectConfigurationPlatforms) = postSolution
		{7FB77A3A-A075-49FF-A415-FCCDBFE5BD5C}.Debug|Any CPU.ActiveCfg = Debug|Any CPU
		{7FB77A3A-A075-49FF-A415-FCCDBFE5BD5C}.Debug|Any CPU.Build.0 = Debug|Any CPU
		{7FB77A3A-A075-49FF-A415-FCCDBFE5BD5C}.Release|Any CPU.ActiveCfg = Release|Any CPU
		{7FB77A3A-A075-49FF-A415-FCCDBFE5BD5C}.Release|Any CPU.Build.0 = Release|Any CPU
	EndGlobalSection
	GlobalSection(SolutionProperties) = preSolution
		HideSolutionNode = FALSE
	EndGlobalSection
	GlobalSection(ExtensibilityGlobals) = postSolution
		SolutionGuid = {A1F3E7E5-67D9-44DE-A6F6-6CA987C7C496}
	EndGlobalSection
EndGlobal
